
Microsoft Visual Studio Solution File, Format Version 12.00
# Visual Studio 15
VisualStudioVersion = 15.0.27703.2035
MinimumVisualStudioVersion = 10.0.40219.1
Project("{FAE04EC0-301F-11D3-BF4B-00C04F79EFBC}") = "BuyAnyWhere-api-core21", "BuyAnyWhere-api-core21\BuyAnyWhere-api-core21.csproj", "{5F828E2B-5F21-4B18-BD1D-510FEF069B4A}"
EndProject
Project("{E53339B2-1760-4266-BCC7-CA923CBCF16C}") = "docker-compose", "docker-compose.dcproj", "{1AB1A776-1219-4EB3-B534-266AF8F506B0}"
EndProject
Global
	GlobalSection(SolutionConfigurationPlatforms) = preSolution
		Debug|Any CPU = Debug|Any CPU
		Release|Any CPU = Release|Any CPU
	EndGlobalSection
	GlobalSection(ProjectConfigurationPlatforms) = postSolution
		{5F828E2B-5F21-4B18-BD1D-510FEF069B4A}.Debug|Any CPU.ActiveCfg = Debug|Any CPU
		{5F828E2B-5F21-4B18-BD1D-510FEF069B4A}.Debug|Any CPU.Build.0 = Debug|Any CPU
		{5F828E2B-5F21-4B18-BD1D-510FEF069B4A}.Release|Any CPU.ActiveCfg = Release|Any CPU
		{5F828E2B-5F21-4B18-BD1D-510FEF069B4A}.Release|Any CPU.Build.0 = Release|Any CPU
		{1AB1A776-1219-4EB3-B534-266AF8F506B0}.Debug|Any CPU.ActiveCfg = Debug|Any CPU
		{1AB1A776-1219-4EB3-B534-266AF8F506B0}.Debug|Any CPU.Build.0 = Debug|Any CPU
		{1AB1A776-1219-4EB3-B534-266AF8F506B0}.Release|Any CPU.ActiveCfg = Release|Any CPU
		{1AB1A776-1219-4EB3-B534-266AF8F506B0}.Release|Any CPU.Build.0 = Release|Any CPU
	EndGlobalSection
	GlobalSection(SolutionProperties) = preSolution
		HideSolutionNode = FALSE
	EndGlobalSection
	GlobalSection(ExtensibilityGlobals) = postSolution
		SolutionGuid = {F279AC02-CC89-492C-9D32-19E071513665}
	EndGlobalSection
EndGlobal
